
Microsoft Visual Studio Solution File, Format Version 12.00
# Visual Studio Version 16
VisualStudioVersion = 16.0.29418.71
MinimumVisualStudioVersion = 10.0.40219.1
Project("{FAE04EC0-301F-11D3-BF4B-00C04F79EFBC}") = "ConsoleApp1", "ConsoleApp1\ConsoleApp1.csproj", "{C88B98CD-E978-49D2-AEDE-09472BDD1D77}"
EndProject
Project("{FAE04EC0-301F-11D3-BF4B-00C04F79EFBC}") = "C2_10", "C2_10\C2_10.csproj", "{5DC633A0-4BD7-4440-AE83-874A8B212279}"
EndProject
Project("{FAE04EC0-301F-11D3-BF4B-00C04F79EFBC}") = "C2_11", "C2_11\C2_11.csproj", "{2DF77629-611E-45B8-A647-0919554EB3F4}"
EndProject
Project("{FAE04EC0-301F-11D3-BF4B-00C04F79EFBC}") = "ConsoleApp2", "ConsoleApp2\ConsoleApp2.csproj", "{D30DB990-8DF0-4F08-97FC-56D52183309D}"
EndProject
Project("{FAE04EC0-301F-11D3-BF4B-00C04F79EFBC}") = "C3_1", "C3_1\C3_1.csproj", "{953152D7-CEC1-43BF-8EBD-42E41004561E}"
EndProject
Global
	GlobalSection(SolutionConfigurationPlatforms) = preSolution
		Debug|Any CPU = Debug|Any CPU
		Release|Any CPU = Release|Any CPU
	EndGlobalSection
	GlobalSection(ProjectConfigurationPlatforms) = postSolution
		{C88B98CD-E978-49D2-AEDE-09472BDD1D77}.Debug|Any CPU.ActiveCfg = Debug|Any CPU
		{C88B98CD-E978-49D2-AEDE-09472BDD1D77}.Debug|Any CPU.Build.0 = Debug|Any CPU
		{C88B98CD-E978-49D2-AEDE-09472BDD1D77}.Release|Any CPU.ActiveCfg = Release|Any CPU
		{C88B98CD-E978-49D2-AEDE-09472BDD1D77}.Release|Any CPU.Build.0 = Release|Any CPU
		{5DC633A0-4BD7-4440-AE83-874A8B212279}.Debug|Any CPU.ActiveCfg = Debug|Any CPU
		{5DC633A0-4BD7-4440-AE83-874A8B212279}.Debug|Any CPU.Build.0 = Debug|Any CPU
		{5DC633A0-4BD7-4440-AE83-874A8B212279}.Release|Any CPU.ActiveCfg = Release|Any CPU
		{5DC633A0-4BD7-4440-AE83-874A8B212279}.Release|Any CPU.Build.0 = Release|Any CPU
		{2DF77629-611E-45B8-A647-0919554EB3F4}.Debug|Any CPU.ActiveCfg = Debug|Any CPU
		{2DF77629-611E-45B8-A647-0919554EB3F4}.Debug|Any CPU.Build.0 = Debug|Any CPU
		{2DF77629-611E-45B8-A647-0919554EB3F4}.Release|Any CPU.ActiveCfg = Release|Any CPU
		{2DF77629-611E-45B8-A647-0919554EB3F4}.Release|Any CPU.Build.0 = Release|Any CPU
		{D30DB990-8DF0-4F08-97FC-56D52183309D}.Debug|Any CPU.ActiveCfg = Debug|Any CPU
		{D30DB990-8DF0-4F08-97FC-56D52183309D}.Debug|Any CPU.Build.0 = Debug|Any CPU
		{D30DB990-8DF0-4F08-97FC-56D52183309D}.Release|Any CPU.ActiveCfg = Release|Any CPU
		{D30DB990-8DF0-4F08-97FC-56D52183309D}.Release|Any CPU.Build.0 = Release|Any CPU
		{953152D7-CEC1-43BF-8EBD-42E41004561E}.Debug|Any CPU.ActiveCfg = Debug|Any CPU
		{953152D7-CEC1-43BF-8EBD-42E41004561E}.Debug|Any CPU.Build.0 = Debug|Any CPU
		{953152D7-CEC1-43BF-8EBD-42E41004561E}.Release|Any CPU.ActiveCfg = Release|Any CPU
		{953152D7-CEC1-43BF-8EBD-42E41004561E}.Release|Any CPU.Build.0 = Release|Any CPU
	EndGlobalSection
	GlobalSection(SolutionProperties) = preSolution
		HideSolutionNode = FALSE
	EndGlobalSection
	GlobalSection(ExtensibilityGlobals) = postSolution
		SolutionGuid = {35DD8748-47EC-471D-AA2E-91D36EB0FB7E}
	EndGlobalSection
EndGlobal
